# THIS IS AN AUTOGENERATED FILE. DO NOT EDIT THIS FILE DIRECTLY.
# yarn lockfile v1


"@byted-creative/app_log@^0.0.7":
  version "0.0.7"
  resolved "https://registry.yarnpkg.com/@byted-creative/app_log/-/app_log-0.0.7.tgz#06ed5ecfe846bd7888d1283835727bc75a562e25"
  integrity sha512-wTEjSJDoDSzGjxU82ajcF8thEGKJMlIPgLpi9ckXbVHw6dsHNF/Mg/LVcVr2WWl53qiSYJ9of+FLWCXzoVP/Mw==

"@byted-creative/cocos_pvp_ui@^0.0.22":
  version "0.0.22"
  resolved "https://registry.yarnpkg.com/@byted-creative/cocos_pvp_ui/-/cocos_pvp_ui-0.0.22.tgz#990c46058ecbabadb70f42d9a41fee41ec78f568"
  integrity sha512-Wo0ULDdwYbRbP0lsOqpjIZXc0AA6IbxMPJoPgu1IVLrGT7yUe+O9yq4fbrEmOYjhbzLib0Nu9LoU2eNoMW6xPg==
  dependencies:
    "@byted-creative/live_ui_source" "^0.0.3"
    "@byted-creative/pvp_microphone" "^0.0.6"
    tslib "^1.11.1"

"@byted-creative/laya_pvp_ui@^0.0.7":
  version "0.0.7"
  resolved "https://registry.yarnpkg.com/@byted-creative/laya_pvp_ui/-/laya_pvp_ui-0.0.7.tgz#64f9a19e42259af602894f7dac840d1288d3cb9e"
  integrity sha512-SSWmi34nFJTuBKqlTZI6eFHvDHiGRmC6J7zgwsQwQZya4vXlRe1l/NoISYa2hnaK1DjjdLRX1/ocdcWPi+7U/A==
  dependencies:
    "@byted-creative/live_ui_source" "^0.0.3"
    "@byted-creative/pvp_microphone" "^0.0.6"
    regenerator-runtime "^0.13.5"
    tslib "^1.11.1"

"@byted-creative/live_ui_source@^0.0.3":
  version "0.0.3"
  resolved "https://registry.yarnpkg.com/@byted-creative/live_ui_source/-/live_ui_source-0.0.3.tgz#588497cb2edeca2543bfcd7163ccbd25a86f2445"
  integrity sha512-yx0KMWZYn/9u5930SUsVOavm06FhtytgAd3kEsFb0smCaMPI5Q1JgI+CBEaFCSB7M9yN4qxdTVCHM2Pj6HAKDA==

"@byted-creative/pvp-client@^0.0.1-beta-1":
  version "0.0.1-beta-1"
  resolved "https://registry.yarnpkg.com/@byted-creative/pvp-client/-/pvp-client-0.0.1-beta-1.tgz#db4a3325b708b74b0b7e5191c47d34c9dd83dc39"
  integrity sha512-sTVkI2Scehm646+jWgs/6CLMNQ+MRn+OwQAAeoKV8EDcYTZte21ywDhoVGbDZ2eOoYrtCaciky0O/l9M29LV6w==
  dependencies:
    eventemitter3 "^3.1.2"

"@byted-creative/pvp-client@^0.0.1-beta-2":
  version "0.0.1-beta-2"
  resolved "https://registry.yarnpkg.com/@byted-creative/pvp-client/-/pvp-client-0.0.1-beta-2.tgz#9a72a70824062208e06d6448cab24d9e4f49142f"
  integrity sha512-xVH9ykGIKrtonsB9W40ILGIkTWgz2GSZkocKvjJPuBVb6DCc4A5HOG+cSLbTWw7aDqdThxPnm3INXz0OePj/vA==
  dependencies:
    eventemitter3 "^3.1.2"

"@byted-creative/pvp_match@^0.0.6":
  version "0.0.6"
  resolved "https://registry.yarnpkg.com/@byted-creative/pvp_match/-/pvp_match-0.0.6.tgz#24b4356585a8288055837558b6a1548f7e6ee6ca"
  integrity sha512-7Z+H2+Wb6Ep9/NILQCtrU8/ahBAIew2OaBIekai33wDC+hFQq3WtMIDjaeOpUYFf+HRRFdXCWUGniLXQSwf7rQ==
  dependencies:
    "@byted-creative/app_log" "^0.0.7"
    "@byted-creative/pvp-client" "^0.0.1-beta-1"
    tslib "^1.11.1"

"@byted-creative/pvp_microphone@^0.0.6":
  version "0.0.6"
  resolved "https://registry.yarnpkg.com/@byted-creative/pvp_microphone/-/pvp_microphone-0.0.6.tgz#9900f0e2e5fe133839011ab3b34b6c3b7267e442"
  integrity sha512-5prhI7TktYp7vGzxSAHB6GZKeTdtJc3x32vVtUcP4GqcICJg8XWw5B5A/epDb+0erYsYaq4OumoTECj3Kvfydg==
  dependencies:
    "@byted-creative/stt-promisify" "^0.0.8"
    eventemitter3 "^4.0.0"
    tslib "^1.11.1"

"@byted-creative/stt-promisify@^0.0.8":
  version "0.0.8"
  resolved "https://registry.yarnpkg.com/@byted-creative/stt-promisify/-/stt-promisify-0.0.8.tgz#6390b62952b45ebaa3c69757ec96df95c9857172"
  integrity sha512-+JPoRd2PKm4NLvECbglnodZBajhbV+Euou6yozDM/z3+uZW8roxcDkxMKPDYAb8FPkA+YYCyIuAHEGQMbleq0A==
  dependencies:
    tslib "^1.10.0"

"@byted-creative/tiago@^0.0.37":
  version "0.0.37"
  resolved "https://registry.yarnpkg.com/@byted-creative/tiago/-/tiago-0.0.37.tgz#aaced2cb5a5a53e0b40eecc2aa50734cc47d2364"
  integrity sha512-eHU8mWN0yDYliVmDOrDr5JKT4lfQtxtwDfuzYgvmudOfFskBdy7ZF3Il05EqVK7mwcvU4D1i36aj3PQprGFlZw==
  dependencies:
    "@byted-creative/cocos_pvp_ui" "^0.0.22"
    "@byted-creative/laya_pvp_ui" "^0.0.7"
    "@byted-creative/pvp-client" "^0.0.1-beta-2"
    "@byted-creative/pvp_match" "^0.0.6"
    "@byted-creative/pvp_microphone" "^0.0.6"
    "@byted-creative/stt-promisify" "^0.0.8"
    eventemitter3 "^4.0.4"
    tslib "^1.11.1"

eventemitter3@^3.1.2:
  version "3.1.2"
  resolved "https://registry.yarnpkg.com/eventemitter3/-/eventemitter3-3.1.2.tgz#2d3d48f9c346698fce83a85d7d664e98535df6e7"
  integrity sha512-tvtQIeLVHjDkJYnzf2dgVMxfuSGJeM/7UCG17TT4EumTfNtF+0nebF/4zWOIkCreAbtNqhGEboB6BWrwqNaw4Q==

eventemitter3@^4.0.0, eventemitter3@^4.0.4:
  version "4.0.4"
  resolved "https://registry.yarnpkg.com/eventemitter3/-/eventemitter3-4.0.4.tgz#b5463ace635a083d018bdc7c917b4c5f10a85384"
  integrity sha512-rlaVLnVxtxvoyLsQQFBx53YmXHDxRIzzTLbdfxqi4yocpSjAxXwkU0cScM5JgSKMqEhrZpnvQ2D9gjylR0AimQ==

regenerator-runtime@^0.13.5:
  version "0.13.5"
  resolved "https://registry.yarnpkg.com/regenerator-runtime/-/regenerator-runtime-0.13.5.tgz#d878a1d094b4306d10b9096484b33ebd55e26697"
  integrity sha512-ZS5w8CpKFinUzOwW3c83oPeVXoNsrLsaCoLtJvAClH135j/R77RuymhiSErhm2lKcwSCIpmvIWSbDkIfAqKQlA==

tslib@^1.10.0, tslib@^1.11.1:
  version "1.13.0"
  resolved "https://registry.yarnpkg.com/tslib/-/tslib-1.13.0.tgz#c881e13cc7015894ed914862d276436fa9a47043"
  integrity sha512-i/6DQjL8Xf3be4K/E6Wgpekn5Qasl1usyw++dAA35Ue5orEn65VIxOA+YvNNl9HV3qv70T7CNwjODHZrLwvd1Q==
