# THIS IS AN AUTOGENERATED FILE. DO NOT EDIT THIS FILE DIRECTLY.
# yarn lockfile v1


"@byted-creative/app_log@^0.0.7":
  version "0.0.7"
  resolved "https://registry.yarnpkg.com/@byted-creative/app_log/-/app_log-0.0.7.tgz#06ed5ecfe846bd7888d1283835727bc75a562e25"
  integrity sha512-wTEjSJDoDSzGjxU82ajcF8thEGKJMlIPgLpi9ckXbVHw6dsHNF/Mg/LVcVr2WWl53qiSYJ9of+FLWCXzoVP/Mw==

"@byted-creative/pvp-client@0.0.2-beta-1":
  version "0.0.2-beta-1"
  resolved "https://registry.npmjs.org/@byted-creative/pvp-client/-/pvp-client-0.0.2-beta-1.tgz#093ccb9d0412d1a8b2ce7126a9a925ff9ea330f6"
  integrity sha512-jOiLBv9VcSw8SFF8+seE+wvKsRbyP+K1aNs3UIZM6NH1iZfInNA3AdIaFZJFaE7Cmo7qAr7W4uV8voy+ufFHfg==
  dependencies:
    eventemitter3 "^3.1.2"

"@byted-creative/tiago@2.0.0":
  version "2.0.0"
  resolved "https://registry.npmjs.org/@byted-creative/tiago/-/tiago-2.0.0.tgz#2ee3d2a75829fd4124eb6979485493f33529b820"
  integrity sha512-zmk6Ne7S2eQxQ/KsSgW3keWVicBzuMMrSEHlBlCIYgHHqUev8NfsSQO+fck3ct3+0S8qY99HhSwHBRQMi8jwog==
  dependencies:
    "@byted-creative/app_log" "^0.0.7"
    "@byted-creative/pvp-client" "0.0.2-beta-1"
    redux "^4.0.5"

eventemitter3@^3.1.2:
  version "3.1.2"
  resolved "https://registry.yarnpkg.com/eventemitter3/-/eventemitter3-3.1.2.tgz#2d3d48f9c346698fce83a85d7d664e98535df6e7"
  integrity sha512-tvtQIeLVHjDkJYnzf2dgVMxfuSGJeM/7UCG17TT4EumTfNtF+0nebF/4zWOIkCreAbtNqhGEboB6BWrwqNaw4Q==

"js-tokens@^3.0.0 || ^4.0.0":
  version "4.0.0"
  resolved "https://registry.npmjs.org/js-tokens/-/js-tokens-4.0.0.tgz#19203fb59991df98e3a287050d4647cdeaf32499"
  integrity sha512-RdJUflcE3cUzKiMqQgsCu06FPu9UdIJO0beYbPhHN4k6apgJtifcoCtT9bcxOpYBtpD2kCM6Sbzg4CausW/PKQ==

loose-envify@^1.4.0:
  version "1.4.0"
  resolved "https://registry.npmjs.org/loose-envify/-/loose-envify-1.4.0.tgz#71ee51fa7be4caec1a63839f7e682d8132d30caf"
  integrity sha512-lyuxPGr/Wfhrlem2CL/UcnUc1zcqKAImBDzukY7Y5F/yQiNdko6+fRLevlw1HgMySw7f611UIY408EtxRSoK3Q==
  dependencies:
    js-tokens "^3.0.0 || ^4.0.0"

redux@^4.0.5:
  version "4.0.5"
  resolved "https://registry.npmjs.org/redux/-/redux-4.0.5.tgz#4db5de5816e17891de8a80c424232d06f051d93f"
  integrity sha512-VSz1uMAH24DM6MF72vcojpYPtrTUu3ByVWfPL1nPfVRb5mZVTve5GnNCUV53QM/BZ66xfWrm0CTWoM+Xlz8V1w==
  dependencies:
    loose-envify "^1.4.0"
    symbol-observable "^1.2.0"

symbol-observable@^1.2.0:
  version "1.2.0"
  resolved "https://registry.npmjs.org/symbol-observable/-/symbol-observable-1.2.0.tgz#c22688aed4eab3cdc2dfeacbb561660560a00804"
  integrity sha512-e900nM8RRtGhlV36KGEU9k65K3mPb1WV70OdjfxlG2EAuM1noi/E/BaW/uMhL7bPEssK8QV57vN3esixjUvcXQ==
