# THIS IS AN AUTOGENERATED FILE. DO NOT EDIT THIS FILE DIRECTLY.
# yarn lockfile v1


"@byted-creative/app_log@^0.0.6":
  version "0.0.6"
  resolved "https://registry.yarnpkg.com/@byted-creative/app_log/-/app_log-0.0.6.tgz#6a7f7ac41c6f2b2b05bf2f126bad97a04d4a2809"
  integrity sha512-7/iMQLyq1H2UuE0Jm+hVpWTCc6pn4+vwwpGieEkaUTgavSB83mhkQQLqsiGkbRPdBQES84z7YNSGxRY5KDAL3Q==

"@byted-creative/cocos_pvp_ui@^0.0.13":
  version "0.0.13"
  resolved "https://registry.yarnpkg.com/@byted-creative/cocos_pvp_ui/-/cocos_pvp_ui-0.0.13.tgz#0a0a7ea56214ba3715ba5e938981eca40295bc00"
  integrity sha512-ofz2SLwAXBlL4Pvjy+3rfJltNWupYPmEtQOHKXNFuHtyJJH9BWLc4VgmMIEY+AYF8lJA8lJm8qPVnJXB3AOhbA==
  dependencies:
    "@byted-creative/live_ui_source" "^0.0.2"
    "@byted-creative/pvp_microphone" "^0.0.4"
    tslib "^1.11.1"

"@byted-creative/laya_pvp_ui@^0.0.5":
  version "0.0.5"
  resolved "https://registry.yarnpkg.com/@byted-creative/laya_pvp_ui/-/laya_pvp_ui-0.0.5.tgz#9303a9b99fd25bde6092a637667ce0234d334c5d"
  integrity sha512-ZpCCBRGbVd7v0/QZovta4O1ym8FvG7nvgHTTeBPbpmBEbPvSJDC+m1pr6jl8k7n6RrjF+T+dRA/A18ROCjZJFw==
  dependencies:
    "@byted-creative/live_ui_source" "^0.0.2"
    "@byted-creative/pvp_microphone" "^0.0.4"
    regenerator-runtime "^0.13.5"
    tslib "^1.11.1"

"@byted-creative/live_ui_source@^0.0.2":
  version "0.0.2"
  resolved "https://registry.yarnpkg.com/@byted-creative/live_ui_source/-/live_ui_source-0.0.2.tgz#05abc39d05ee45d80b43023f6c41eafc8648287f"
  integrity sha512-F7TJw0tUfnyG1fpJjDaE1iiCeHia6SEkb/eBIPjxeBSW0MXK9acYED3y5kvxVs+ABScuvWHIivF5+Z9Cgt0aNA==

"@byted-creative/pvp-client@^0.0.1-beta-1":
  version "0.0.1-beta-1"
  resolved "https://registry.yarnpkg.com/@byted-creative/pvp-client/-/pvp-client-0.0.1-beta-1.tgz#db4a3325b708b74b0b7e5191c47d34c9dd83dc39"
  integrity sha512-sTVkI2Scehm646+jWgs/6CLMNQ+MRn+OwQAAeoKV8EDcYTZte21ywDhoVGbDZ2eOoYrtCaciky0O/l9M29LV6w==
  dependencies:
    eventemitter3 "^3.1.2"

"@byted-creative/pvp-client@^0.0.1-beta-2":
  version "0.0.1-beta-2"
  resolved "https://registry.yarnpkg.com/@byted-creative/pvp-client/-/pvp-client-0.0.1-beta-2.tgz#9a72a70824062208e06d6448cab24d9e4f49142f"
  integrity sha512-xVH9ykGIKrtonsB9W40ILGIkTWgz2GSZkocKvjJPuBVb6DCc4A5HOG+cSLbTWw7aDqdThxPnm3INXz0OePj/vA==
  dependencies:
    eventemitter3 "^3.1.2"

"@byted-creative/pvp_match@^0.0.4":
  version "0.0.4"
  resolved "https://registry.yarnpkg.com/@byted-creative/pvp_match/-/pvp_match-0.0.4.tgz#ee0db07e166a1f33b01a39353f78cb5544a87823"
  integrity sha512-0XSFnHxpKEADqUHhUa8VG2KWjsp4USZuCMyReJ/A9zpjs930sAP3k6uUPUPxAEmmhNBFnL5ymEpQ7b7fNbczVQ==
  dependencies:
    "@byted-creative/app_log" "^0.0.6"
    "@byted-creative/pvp-client" "^0.0.1-beta-1"
    tslib "^1.11.1"

"@byted-creative/pvp_microphone@^0.0.4":
  version "0.0.4"
  resolved "https://registry.yarnpkg.com/@byted-creative/pvp_microphone/-/pvp_microphone-0.0.4.tgz#4885678034778d89c6ca6a9e1896ba007cddb276"
  integrity sha512-rGF7ZJR2xKH4IJHPvt1Yd5lfBGKOW9bWIDmTHVwCVF0WlqJIOO1E3ZMcxDtoAN5+zqk+4nSs6Ic/XZzLUDmByA==
  dependencies:
    "@byted-creative/stt-promisify" "^0.0.7"
    eventemitter3 "^4.0.0"
    tslib "^1.11.1"

"@byted-creative/stt-promisify@^0.0.7":
  version "0.0.7"
  resolved "https://registry.yarnpkg.com/@byted-creative/stt-promisify/-/stt-promisify-0.0.7.tgz#ff0d0195a60a82024513089b9deb12cf3e6f48e8"
  integrity sha512-RbQkKNHemxTS2ZjJ3Fi+vh+7D+u/gxFjxmslsMXPLDFS1J+tjBSGZON1EiJ41Xj8S15ZHCWgNQBYptxOM1/zig==
  dependencies:
    tslib "^1.10.0"

"@byted-creative/tiago@^0.0.25":
  version "0.0.25"
  resolved "https://registry.yarnpkg.com/@byted-creative/tiago/-/tiago-0.0.25.tgz#71187c0dd49e7b1aa76052d4bf9db4ebe275df28"
  integrity sha512-smIwDgBsLmQHztvdHL/4Fbl417FKf9ZqUCg9lmT8bK09LNBQs/1MvBHuRY4EfBRrpk4WHEasDe8j+j4mokXb/w==
  dependencies:
    "@byted-creative/cocos_pvp_ui" "^0.0.13"
    "@byted-creative/laya_pvp_ui" "^0.0.5"
    "@byted-creative/pvp-client" "^0.0.1-beta-2"
    "@byted-creative/pvp_match" "^0.0.4"
    "@byted-creative/pvp_microphone" "^0.0.4"
    "@byted-creative/stt-promisify" "^0.0.7"
    eventemitter3 "^4.0.4"
    tslib "^1.11.1"

eventemitter3@^3.1.2:
  version "3.1.2"
  resolved "https://registry.yarnpkg.com/eventemitter3/-/eventemitter3-3.1.2.tgz#2d3d48f9c346698fce83a85d7d664e98535df6e7"
  integrity sha512-tvtQIeLVHjDkJYnzf2dgVMxfuSGJeM/7UCG17TT4EumTfNtF+0nebF/4zWOIkCreAbtNqhGEboB6BWrwqNaw4Q==

eventemitter3@^4.0.0, eventemitter3@^4.0.4:
  version "4.0.4"
  resolved "https://registry.yarnpkg.com/eventemitter3/-/eventemitter3-4.0.4.tgz#b5463ace635a083d018bdc7c917b4c5f10a85384"
  integrity sha512-rlaVLnVxtxvoyLsQQFBx53YmXHDxRIzzTLbdfxqi4yocpSjAxXwkU0cScM5JgSKMqEhrZpnvQ2D9gjylR0AimQ==

regenerator-runtime@^0.13.5:
  version "0.13.5"
  resolved "https://registry.yarnpkg.com/regenerator-runtime/-/regenerator-runtime-0.13.5.tgz#d878a1d094b4306d10b9096484b33ebd55e26697"
  integrity sha512-ZS5w8CpKFinUzOwW3c83oPeVXoNsrLsaCoLtJvAClH135j/R77RuymhiSErhm2lKcwSCIpmvIWSbDkIfAqKQlA==

tslib@^1.10.0, tslib@^1.11.1:
  version "1.13.0"
  resolved "https://registry.yarnpkg.com/tslib/-/tslib-1.13.0.tgz#c881e13cc7015894ed914862d276436fa9a47043"
  integrity sha512-i/6DQjL8Xf3be4K/E6Wgpekn5Qasl1usyw++dAA35Ue5orEn65VIxOA+YvNNl9HV3qv70T7CNwjODHZrLwvd1Q==
